
Microsoft Visual Studio Solution File, Format Version 12.00
# Visual Studio Version 16
VisualStudioVersion = 16.0.30114.105
MinimumVisualStudioVersion = 10.0.40219.1
Project("{FAE04EC0-301F-11D3-BF4B-00C04F79EFBC}") = "IntegrationTestsNunit", "IntegrationTestsNunit\IntegrationTestsNunit.csproj", "{D398533F-1999-46B4-A594-E66E0ECCF918}"
EndProject
Project("{FAE04EC0-301F-11D3-BF4B-00C04F79EFBC}") = "SeleniumTasks1", "SeleniumTasks1\SeleniumTasks1.csproj", "{50D90376-999C-4AD3-8C7D-7CB45E1947E6}"
EndProject
Global
	GlobalSection(SolutionConfigurationPlatforms) = preSolution
		Debug|Any CPU = Debug|Any CPU
		Release|Any CPU = Release|Any CPU
	EndGlobalSection
	GlobalSection(ProjectConfigurationPlatforms) = postSolution
		{D398533F-1999-46B4-A594-E66E0ECCF918}.Debug|Any CPU.ActiveCfg = Debug|Any CPU
		{D398533F-1999-46B4-A594-E66E0ECCF918}.Debug|Any CPU.Build.0 = Debug|Any CPU
		{D398533F-1999-46B4-A594-E66E0ECCF918}.Release|Any CPU.ActiveCfg = Release|Any CPU
		{D398533F-1999-46B4-A594-E66E0ECCF918}.Release|Any CPU.Build.0 = Release|Any CPU
		{50D90376-999C-4AD3-8C7D-7CB45E1947E6}.Debug|Any CPU.ActiveCfg = Debug|Any CPU
		{50D90376-999C-4AD3-8C7D-7CB45E1947E6}.Debug|Any CPU.Build.0 = Debug|Any CPU
		{50D90376-999C-4AD3-8C7D-7CB45E1947E6}.Release|Any CPU.ActiveCfg = Release|Any CPU
		{50D90376-999C-4AD3-8C7D-7CB45E1947E6}.Release|Any CPU.Build.0 = Release|Any CPU
	EndGlobalSection
	GlobalSection(SolutionProperties) = preSolution
		HideSolutionNode = FALSE
	EndGlobalSection
	GlobalSection(ExtensibilityGlobals) = postSolution
		SolutionGuid = {4E32E4F2-DE58-459D-9BE4-2E0931FDCA90}
	EndGlobalSection
EndGlobal
